
Microsoft Visual Studio Solution File, Format Version 12.00
# Visual Studio Version 16
VisualStudioVersion = 16.0.30002.166
MinimumVisualStudioVersion = 10.0.40219.1
Project("{FAE04EC0-301F-11D3-BF4B-00C04F79EFBC}") = "ConsoleApp6", "ConsoleApp6\ConsoleApp6.csproj", "{B1208F45-3EAA-4CEB-BF29-DEB4D59BBDBE}"
EndProject
Global
	GlobalSection(SolutionConfigurationPlatforms) = preSolution
		Debug|Any CPU = Debug|Any CPU
		Release|Any CPU = Release|Any CPU
	EndGlobalSection
	GlobalSection(ProjectConfigurationPlatforms) = postSolution
		{B1208F45-3EAA-4CEB-BF29-DEB4D59BBDBE}.Debug|Any CPU.ActiveCfg = Debug|Any CPU
		{B1208F45-3EAA-4CEB-BF29-DEB4D59BBDBE}.Debug|Any CPU.Build.0 = Debug|Any CPU
		{B1208F45-3EAA-4CEB-BF29-DEB4D59BBDBE}.Release|Any CPU.ActiveCfg = Release|Any CPU
		{B1208F45-3EAA-4CEB-BF29-DEB4D59BBDBE}.Release|Any CPU.Build.0 = Release|Any CPU
	EndGlobalSection
	GlobalSection(SolutionProperties) = preSolution
		HideSolutionNode = FALSE
	EndGlobalSection
	GlobalSection(ExtensibilityGlobals) = postSolution
		SolutionGuid = {4F510AA7-13FE-4BFF-A31D-9810415407CD}
	EndGlobalSection
EndGlobal
